
Microsoft Visual Studio Solution File, Format Version 12.00
# Visual Studio Version 17
VisualStudioVersion = 17.9.34728.123
MinimumVisualStudioVersion = 10.0.40219.1
Project("{9A19103F-16F7-4668-BE54-9A1E7A4F7556}") = "Proyectos_WebApi.NETCore7", "Proyectos_WebApi.NETCore7\Proyectos_WebApi.NETCore7.csproj", "{136F525A-068B-4DD4-91AC-6354F9F65F71}"
EndProject
Project("{9A19103F-16F7-4668-BE54-9A1E7A4F7556}") = "BibliotecaAuth", "BibliotecaAuth\BibliotecaAuth.csproj", "{6D7B0BB2-9B64-429D-BEB5-9F33713DF121}"
EndProject
Project("{9A19103F-16F7-4668-BE54-9A1E7A4F7556}") = "BibliotecaF1", "BibliotecaF1\BibliotecaF1.csproj", "{D6018076-9460-4B8F-84F3-141A18E0F399}"
EndProject
Project("{FAE04EC0-301F-11D3-BF4B-00C04F79EFBC}") = "BibliotecaGuiaJuegos", "BibliotecaGuiaJuegos\BibliotecaGuiaJuegos.csproj", "{9C277427-6896-4039-83F8-FF8A8DF8FC54}"
EndProject
Project("{2150E333-8FDC-42A3-9474-1A3956D46DE8}") = "SQLServer", "SQLServer", "{0A8DC3A9-C5FB-4B5A-964F-EF938F4EA596}"
	ProjectSection(SolutionItems) = preProject
		SqlAuth.sql = SqlAuth.sql
		SqlF1.sql = SqlF1.sql
		SqlGuiaJuegos.sql = SqlGuiaJuegos.sql
	EndProjectSection
EndProject
Global
	GlobalSection(SolutionConfigurationPlatforms) = preSolution
		Debug|Any CPU = Debug|Any CPU
		Release|Any CPU = Release|Any CPU
	EndGlobalSection
	GlobalSection(ProjectConfigurationPlatforms) = postSolution
		{136F525A-068B-4DD4-91AC-6354F9F65F71}.Debug|Any CPU.ActiveCfg = Debug|Any CPU
		{136F525A-068B-4DD4-91AC-6354F9F65F71}.Debug|Any CPU.Build.0 = Debug|Any CPU
		{136F525A-068B-4DD4-91AC-6354F9F65F71}.Release|Any CPU.ActiveCfg = Release|Any CPU
		{136F525A-068B-4DD4-91AC-6354F9F65F71}.Release|Any CPU.Build.0 = Release|Any CPU
		{6D7B0BB2-9B64-429D-BEB5-9F33713DF121}.Debug|Any CPU.ActiveCfg = Debug|Any CPU
		{6D7B0BB2-9B64-429D-BEB5-9F33713DF121}.Debug|Any CPU.Build.0 = Debug|Any CPU
		{6D7B0BB2-9B64-429D-BEB5-9F33713DF121}.Release|Any CPU.ActiveCfg = Release|Any CPU
		{6D7B0BB2-9B64-429D-BEB5-9F33713DF121}.Release|Any CPU.Build.0 = Release|Any CPU
		{D6018076-9460-4B8F-84F3-141A18E0F399}.Debug|Any CPU.ActiveCfg = Debug|Any CPU
		{D6018076-9460-4B8F-84F3-141A18E0F399}.Debug|Any CPU.Build.0 = Debug|Any CPU
		{D6018076-9460-4B8F-84F3-141A18E0F399}.Release|Any CPU.ActiveCfg = Release|Any CPU
		{D6018076-9460-4B8F-84F3-141A18E0F399}.Release|Any CPU.Build.0 = Release|Any CPU
		{9C277427-6896-4039-83F8-FF8A8DF8FC54}.Debug|Any CPU.ActiveCfg = Debug|Any CPU
		{9C277427-6896-4039-83F8-FF8A8DF8FC54}.Debug|Any CPU.Build.0 = Debug|Any CPU
		{9C277427-6896-4039-83F8-FF8A8DF8FC54}.Release|Any CPU.ActiveCfg = Release|Any CPU
		{9C277427-6896-4039-83F8-FF8A8DF8FC54}.Release|Any CPU.Build.0 = Release|Any CPU
	EndGlobalSection
	GlobalSection(SolutionProperties) = preSolution
		HideSolutionNode = FALSE
	EndGlobalSection
	GlobalSection(ExtensibilityGlobals) = postSolution
		SolutionGuid = {3AD22DB4-FF11-4687-A3F9-CE065FB037CE}
	EndGlobalSection
EndGlobal
